
Microsoft Visual Studio Solution File, Format Version 12.00
# Visual Studio Version 17
VisualStudioVersion = 17.9.34728.123
MinimumVisualStudioVersion = 10.0.40219.1
Project("{9A19103F-16F7-4668-BE54-9A1E7A4F7556}") = "EJERCICIO_2.3", "EJERCICIO_2.3.csproj", "{C26ADFBF-A925-4FBE-96CA-7D1693724B4E}"
EndProject
Global
	GlobalSection(SolutionConfigurationPlatforms) = preSolution
		Debug|Any CPU = Debug|Any CPU
		Release|Any CPU = Release|Any CPU
	EndGlobalSection
	GlobalSection(ProjectConfigurationPlatforms) = postSolution
		{C26ADFBF-A925-4FBE-96CA-7D1693724B4E}.Debug|Any CPU.ActiveCfg = Debug|Any CPU
		{C26ADFBF-A925-4FBE-96CA-7D1693724B4E}.Debug|Any CPU.Build.0 = Debug|Any CPU
		{C26ADFBF-A925-4FBE-96CA-7D1693724B4E}.Release|Any CPU.ActiveCfg = Release|Any CPU
		{C26ADFBF-A925-4FBE-96CA-7D1693724B4E}.Release|Any CPU.Build.0 = Release|Any CPU
	EndGlobalSection
	GlobalSection(SolutionProperties) = preSolution
		HideSolutionNode = FALSE
	EndGlobalSection
	GlobalSection(ExtensibilityGlobals) = postSolution
		SolutionGuid = {57C88906-CFB6-49EC-8DEE-F9231EDC98A9}
	EndGlobalSection
EndGlobal
